// !$*UTF8*$!
{
	archiveVersion = 1;
	classes = {
	};
	objectVersion = 55;
	objects = {

/* Begin PBXBuildFile section */
		58039C1728E0A941002274BF /* AppDelegate.swift in Sources */ = {isa = PBXBuildFile; fileRef = 58039C1628E0A941002274BF /* AppDelegate.swift */; };
		58039C1928E0A941002274BF /* SceneDelegate.swift in Sources */ = {isa = PBXBuildFile; fileRef = 58039C1828E0A941002274BF /* SceneDelegate.swift */; };
		58039C1B28E0A941002274BF /* ViewController.swift in Sources */ = {isa = PBXBuildFile; fileRef = 58039C1A28E0A941002274BF /* ViewController.swift */; };
		58039C1E28E0A941002274BF /* Main.storyboard in Resources */ = {isa = PBXBuildFile; fileRef = 58039C1C28E0A941002274BF /* Main.storyboard */; };
		58039C2028E0A941002274BF /* Assets.xcassets in Resources */ = {isa = PBXBuildFile; fileRef = 58039C1F28E0A941002274BF /* Assets.xcassets */; };
		58039C2328E0A941002274BF /* LaunchScreen.storyboard in Resources */ = {isa = PBXBuildFile; fileRef = 58039C2128E0A941002274BF /* LaunchScreen.storyboard */; };
		58039C2E28E0A942002274BF /* SupriseAppTests.swift in Sources */ = {isa = PBXBuildFile; fileRef = 58039C2D28E0A942002274BF /* SupriseAppTests.swift */; };
		58039C3828E0A942002274BF /* SupriseAppUITests.swift in Sources */ = {isa = PBXBuildFile; fileRef = 58039C3728E0A942002274BF /* SupriseAppUITests.swift */; };
		58039C3A28E0A942002274BF /* SupriseAppUITestsLaunchTests.swift in Sources */ = {isa = PBXBuildFile; fileRef = 58039C3928E0A942002274BF /* SupriseAppUITestsLaunchTests.swift */; };
/* End PBXBuildFile section */

/* Begin PBXContainerItemProxy section */
		58039C2A28E0A942002274BF /* PBXContainerItemProxy */ = {
			isa = PBXContainerItemProxy;
			containerPortal = 58039C0B28E0A941002274BF /* Project object */;
			proxyType = 1;
			remoteGlobalIDString = 58039C1228E0A941002274BF;
			remoteInfo = SupriseApp;
		};
		58039C3428E0A942002274BF /* PBXContainerItemProxy */ = {
			isa = PBXContainerItemProxy;
			containerPortal = 58039C0B28E0A941002274BF /* Project object */;
			proxyType = 1;
			remoteGlobalIDString = 58039C1228E0A941002274BF;
			remoteInfo = SupriseApp;
		};
/* End PBXContainerItemProxy section */

/* Begin PBXFileReference section */
		58039C1328E0A941002274BF /* SupriseApp.app */ = {isa = PBXFileReference; explicitFileType = wrapper.application; includeInIndex = 0; path = SupriseApp.app; sourceTree = BUILT_PRODUCTS_DIR; };
		58039C1628E0A941002274BF /* AppDelegate.swift */ = {isa = PBXFileReference; lastKnownFileType = sourcecode.swift; path = AppDelegate.swift; sourceTree = "<group>"; };
		58039C1828E0A941002274BF /* SceneDelegate.swift */ = {isa = PBXFileReference; lastKnownFileType = sourcecode.swift; path = SceneDelegate.swift; sourceTree = "<group>"; };
		58039C1A28E0A941002274BF /* ViewController.swift */ = {isa = PBXFileReference; lastKnownFileType = sourcecode.swift; path = ViewController.swift; sourceTree = "<group>"; };
		58039C1D28E0A941002274BF /* Base */ = {isa = PBXFileReference; lastKnownFileType = file.storyboard; name = Base; path = Base.lproj/Main.storyboard; sourceTree = "<group>"; };
		58039C1F28E0A941002274BF /* Assets.xcassets */ = {isa = PBXFileReference; lastKnownFileType = folder.assetcatalog; path = Assets.xcassets; sourceTree = "<group>"; };
		58039C2228E0A941002274BF /* Base */ = {isa = PBXFileReference; lastKnownFileType = file.storyboard; name = Base; path = Base.lproj/LaunchScreen.storyboard; sourceTree = "<group>"; };
		58039C2428E0A941002274BF /* Info.plist */ = {isa = PBXFileReference; lastKnownFileType = text.plist.xml; path = Info.plist; sourceTree = "<group>"; };
		58039C2928E0A942002274BF /* SupriseAppTests.xctest */ = {isa = PBXFileReference; explicitFileType = wrapper.cfbundle; includeInIndex = 0; path = SupriseAppTests.xctest; sourceTree = BUILT_PRODUCTS_DIR; };
		58039C2D28E0A942002274BF /* SupriseAppTests.swift */ = {isa = PBXFileReference; lastKnownFileType = sourcecode.swift; path = SupriseAppTests.swift; sourceTree = "<group>"; };
		58039C3328E0A942002274BF /* SupriseAppUITests.xctest */ = {isa = PBXFileReference; explicitFileType = wrapper.cfbundle; includeInIndex = 0; path = SupriseAppUITests.xctest; sourceTree = BUILT_PRODUCTS_DIR; };
		58039C3728E0A942002274BF /* SupriseAppUITests.swift */ = {isa = PBXFileReference; lastKnownFileType = sourcecode.swift; path = SupriseAppUITests.swift; sourceTree = "<group>"; };
		58039C3928E0A942002274BF /* SupriseAppUITestsLaunchTests.swift */ = {isa = PBXFileReference; lastKnownFileType = sourcecode.swift; path = SupriseAppUITestsLaunchTests.swift; sourceTree = "<group>"; };
/* End PBXFileReference section */

/* Begin PBXFrameworksBuildPhase section */
		58039C1028E0A941002274BF /* Frameworks */ = {
			isa = PBXFrameworksBuildPhase;
			buildActionMask = 2147483647;
			files = (
			);
			runOnlyForDeploymentPostprocessing = 0;
		};
		58039C2628E0A942002274BF /* Frameworks */ = {
			isa = PBXFrameworksBuildPhase;
			buildActionMask = 2147483647;
			files = (
			);
			runOnlyForDeploymentPostprocessing = 0;
		};
		58039C3028E0A942002274BF /* Frameworks */ = {
			isa = PBXFrameworksBuildPhase;
			buildActionMask = 2147483647;
			files = (
			);
			runOnlyForDeploymentPostprocessing = 0;
		};
/* End PBXFrameworksBuildPhase section */

/* Begin PBXGroup section */
		58039C0A28E0A941002274BF = {
			isa = PBXGroup;
			children = (
				58039C1528E0A941002274BF /* SupriseApp */,
				58039C2C28E0A942002274BF /* SupriseAppTests */,
				58039C3628E0A942002274BF /* SupriseAppUITests */,
				58039C1428E0A941002274BF /* Products */,
			);
			sourceTree = "<group>";
		};
		58039C1428E0A941002274BF /* Products */ = {
			isa = PBXGroup;
			children = (
				58039C1328E0A941002274BF /* SupriseApp.app */,
				58039C2928E0A942002274BF /* SupriseAppTests.xctest */,
				58039C3328E0A942002274BF /* SupriseAppUITests.xctest */,
			);
			name = Products;
			sourceTree = "<group>";
		};
		58039C1528E0A941002274BF /* SupriseApp */ = {
			isa = PBXGroup;
			children = (
				58039C1628E0A941002274BF /* AppDelegate.swift */,
				58039C1828E0A941002274BF /* SceneDelegate.swift */,
				58039C1A28E0A941002274BF /* ViewController.swift */,
				58039C1C28E0A941002274BF /* Main.storyboard */,
				58039C1F28E0A941002274BF /* Assets.xcassets */,
				58039C2128E0A941002274BF /* LaunchScreen.storyboard */,
				58039C2428E0A941002274BF /* Info.plist */,
			);
			path = SupriseApp;
			sourceTree = "<group>";
		};
		58039C2C28E0A942002274BF /* SupriseAppTests */ = {
			isa = PBXGroup;
			children = (
				58039C2D28E0A942002274BF /* SupriseAppTests.swift */,
			);
			path = SupriseAppTests;
			sourceTree = "<group>";
		};
		58039C3628E0A942002274BF /* SupriseAppUITests */ = {
			isa = PBXGroup;
			children = (
				58039C3728E0A942002274BF /* SupriseAppUITests.swift */,
				58039C3928E0A942002274BF /* SupriseAppUITestsLaunchTests.swift */,
			);
			path = SupriseAppUITests;
			sourceTree = "<group>";
		};
/* End PBXGroup section */

/* Begin PBXNativeTarget section */
		58039C1228E0A941002274BF /* SupriseApp */ = {
			isa = PBXNativeTarget;
			buildConfigurationList = 58039C3D28E0A942002274BF /* Build configuration list for PBXNativeTarget "SupriseApp" */;
			buildPhases = (
				58039C0F28E0A941002274BF /* Sources */,
				58039C1028E0A941002274BF /* Frameworks */,
				58039C1128E0A941002274BF /* Resources */,
			);
			buildRules = (
			);
			dependencies = (
			);
			name = SupriseApp;
			productName = SupriseApp;
			productReference = 58039C1328E0A941002274BF /* SupriseApp.app */;
			productType = "com.apple.product-type.application";
		};
		58039C2828E0A942002274BF /* SupriseAppTests */ = {
			isa = PBXNativeTarget;
			buildConfigurationList = 58039C4028E0A942002274BF /* Build configuration list for PBXNativeTarget "SupriseAppTests" */;
			buildPhases = (
				58039C2528E0A942002274BF /* Sources */,
				58039C2628E0A942002274BF /* Frameworks */,
				58039C2728E0A942002274BF /* Resources */,
			);
			buildRules = (
			);
			dependencies = (
				58039C2B28E0A942002274BF /* PBXTargetDependency */,
			);
			name = SupriseAppTests;
			productName = SupriseAppTests;
			productReference = 58039C2928E0A942002274BF /* SupriseAppTests.xctest */;
			productType = "com.apple.product-type.bundle.unit-test";
		};
		58039C3228E0A942002274BF /* SupriseAppUITests */ = {
			isa = PBXNativeTarget;
			buildConfigurationList = 58039C4328E0A942002274BF /* Build configuration list for PBXNativeTarget "SupriseAppUITests" */;
			buildPhases = (
				58039C2F28E0A942002274BF /* Sources */,
				58039C3028E0A942002274BF /* Frameworks */,
				58039C3128E0A942002274BF /* Resources */,
			);
			buildRules = (
			);
			dependencies = (
				58039C3528E0A942002274BF /* PBXTargetDependency */,
			);
			name = SupriseAppUITests;
			productName = SupriseAppUITests;
			productReference = 58039C3328E0A942002274BF /* SupriseAppUITests.xctest */;
			productType = "com.apple.product-type.bundle.ui-testing";
		};
/* End PBXNativeTarget section */

/* Begin PBXProject section */
		58039C0B28E0A941002274BF /* Project object */ = {
			isa = PBXProject;
			attributes = {
				BuildIndependentTargetsInParallel = 1;
				LastSwiftUpdateCheck = 1340;
				LastUpgradeCheck = 1340;
				TargetAttributes = {
					58039C1228E0A941002274BF = {
						CreatedOnToolsVersion = 13.4.1;
					};
					58039C2828E0A942002274BF = {
						CreatedOnToolsVersion = 13.4.1;
						TestTargetID = 58039C1228E0A941002274BF;
					};
					58039C3228E0A942002274BF = {
						CreatedOnToolsVersion = 13.4.1;
						TestTargetID = 58039C1228E0A941002274BF;
					};
				};
			};
			buildConfigurationList = 58039C0E28E0A941002274BF /* Build configuration list for PBXProject "SupriseApp" */;
			compatibilityVersion = "Xcode 13.0";
			developmentRegion = en;
			hasScannedForEncodings = 0;
			knownRegions = (
				en,
				Base,
			);
			mainGroup = 58039C0A28E0A941002274BF;
			productRefGroup = 58039C1428E0A941002274BF /* Products */;
			projectDirPath = "";
			projectRoot = "";
			targets = (
				58039C1228E0A941002274BF /* SupriseApp */,
				58039C2828E0A942002274BF /* SupriseAppTests */,
				58039C3228E0A942002274BF /* SupriseAppUITests */,
			);
		};
/* End PBXProject section */

/* Begin PBXResourcesBuildPhase section */
		58039C1128E0A941002274BF /* Resources */ = {
			isa = PBXResourcesBuildPhase;
			buildActionMask = 2147483647;
			files = (
				58039C2328E0A941002274BF /* LaunchScreen.storyboard in Resources */,
				58039C2028E0A941002274BF /* Assets.xcassets in Resources */,
				58039C1E28E0A941002274BF /* Main.storyboard in Resources */,
			);
			runOnlyForDeploymentPostprocessing = 0;
		};
		58039C2728E0A942002274BF /* Resources */ = {
			isa = PBXResourcesBuildPhase;
			buildActionMask = 2147483647;
			files = (
			);
			runOnlyForDeploymentPostprocessing = 0;
		};
		58039C3128E0A942002274BF /* Resources */ = {
			isa = PBXResourcesBuildPhase;
			buildActionMask = 2147483647;
			files = (
			);
			runOnlyForDeploymentPostprocessing = 0;
		};
/* End PBXResourcesBuildPhase section */

/* Begin PBXSourcesBuildPhase section */
		58039C0F28E0A941002274BF /* Sources */ = {
			isa = PBXSourcesBuildPhase;
			buildActionMask = 2147483647;
			files = (
				58039C1B28E0A941002274BF /* ViewController.swift in Sources */,
				58039C1728E0A941002274BF /* AppDelegate.swift in Sources */,
				58039C1928E0A941002274BF /* SceneDelegate.swift in Sources */,
			);
			runOnlyForDeploymentPostprocessing = 0;
		};
		58039C2528E0A942002274BF /* Sources */ = {
			isa = PBXSourcesBuildPhase;
			buildActionMask = 2147483647;
			files = (
				58039C2E28E0A942002274BF /* SupriseAppTests.swift in Sources */,
			);
			runOnlyForDeploymentPostprocessing = 0;
		};
		58039C2F28E0A942002274BF /* Sources */ = {
			isa = PBXSourcesBuildPhase;
			buildActionMask = 2147483647;
			files = (
				58039C3A28E0A942002274BF /* SupriseAppUITestsLaunchTests.swift in Sources */,
				58039C3828E0A942002274BF /* SupriseAppUITests.swift in Sources */,
			);
			runOnlyForDeploymentPostprocessing = 0;
		};
/* End PBXSourcesBuildPhase section */

/* Begin PBXTargetDependency section */
		58039C2B28E0A942002274BF /* PBXTargetDependency */ = {
			isa = PBXTargetDependency;
			target = 58039C1228E0A941002274BF /* SupriseApp */;
			targetProxy = 58039C2A28E0A942002274BF /* PBXContainerItemProxy */;
		};
		58039C3528E0A942002274BF /* PBXTargetDependency */ = {
			isa = PBXTargetDependency;
			target = 58039C1228E0A941002274BF /* SupriseApp */;
			targetProxy = 58039C3428E0A942002274BF /* PBXContainerItemProxy */;
		};
/* End PBXTargetDependency section */

/* Begin PBXVariantGroup section */
		58039C1C28E0A941002274BF /* Main.storyboard */ = {
			isa = PBXVariantGroup;
			children = (
				58039C1D28E0A941002274BF /* Base */,
			);
			name = Main.storyboard;
			sourceTree = "<group>";
		};
		58039C2128E0A941002274BF /* LaunchScreen.storyboard */ = {
			isa = PBXVariantGroup;
			children = (
				58039C2228E0A941002274BF /* Base */,
			);
			name = LaunchScreen.storyboard;
			sourceTree = "<group>";
		};
/* End PBXVariantGroup section */

/* Begin XCBuildConfiguration section */
		58039C3B28E0A942002274BF /* Debug */ = {
			isa = XCBuildConfiguration;
			buildSettings = {
				ALWAYS_SEARCH_USER_PATHS = NO;
				CLANG_ANALYZER_NONNULL = YES;
				CLANG_ANALYZER_NUMBER_OBJECT_CONVERSION = YES_AGGRESSIVE;
				CLANG_CXX_LANGUAGE_STANDARD = "gnu++17";
				CLANG_ENABLE_MODULES = YES;
				CLANG_ENABLE_OBJC_ARC = YES;
				CLANG_ENABLE_OBJC_WEAK = YES;
				CLANG_WARN_BLOCK_CAPTURE_AUTORELEASING = YES;
				CLANG_WARN_BOOL_CONVERSION = YES;
				CLANG_WARN_COMMA = YES;
				CLANG_WARN_CONSTANT_CONVERSION = YES;
				CLANG_WARN_DEPRECATED_OBJC_IMPLEMENTATIONS = YES;
				CLANG_WARN_DIRECT_OBJC_ISA_USAGE = YES_ERROR;
				CLANG_WARN_DOCUMENTATION_COMMENTS = YES;
				CLANG_WARN_EMPTY_BODY = YES;
				CLANG_WARN_ENUM_CONVERSION = YES;
				CLANG_WARN_INFINITE_RECURSION = YES;
				CLANG_WARN_INT_CONVERSION = YES;
				CLANG_WARN_NON_LITERAL_NULL_CONVERSION = YES;
				CLANG_WARN_OBJC_IMPLICIT_RETAIN_SELF = YES;
				CLANG_WARN_OBJC_LITERAL_CONVERSION = YES;
				CLANG_WARN_OBJC_ROOT_CLASS = YES_ERROR;
				CLANG_WARN_QUOTED_INCLUDE_IN_FRAMEWORK_HEADER = YES;
				CLANG_WARN_RANGE_LOOP_ANALYSIS = YES;
				CLANG_WARN_STRICT_PROTOTYPES = YES;
				CLANG_WARN_SUSPICIOUS_MOVE = YES;
				CLANG_WARN_UNGUARDED_AVAILABILITY = YES_AGGRESSIVE;
				CLANG_WARN_UNREACHABLE_CODE = YES;
				CLANG_WARN__DUPLICATE_METHOD_MATCH = YES;
				COPY_PHASE_STRIP = NO;
				DEBUG_INFORMATION_FORMAT = dwarf;
				ENABLE_STRICT_OBJC_MSGSEND = YES;
				ENABLE_TESTABILITY = YES;
				GCC_C_LANGUAGE_STANDARD = gnu11;
				GCC_DYNAMIC_NO_PIC = NO;
				GCC_NO_COMMON_BLOCKS = YES;
				GCC_OPTIMIZATION_LEVEL = 0;
				GCC_PREPROCESSOR_DEFINITIONS = (
					"DEBUG=1",
					"$(inherited)",
				);
				GCC_WARN_64_TO_32_BIT_CONVERSION = YES;
				GCC_WARN_ABOUT_RETURN_TYPE = YES_ERROR;
				GCC_WARN_UNDECLARED_SELECTOR = YES;
				GCC_WARN_UNINITIALIZED_AUTOS = YES_AGGRESSIVE;
				GCC_WARN_UNUSED_FUNCTION = YES;
				GCC_WARN_UNUSED_VARIABLE = YES;
				IPHONEOS_DEPLOYMENT_TARGET = 15.5;
				MTL_ENABLE_DEBUG_INFO = INCLUDE_SOURCE;
				MTL_FAST_MATH = YES;
				ONLY_ACTIVE_ARCH = YES;
				SDKROOT = iphoneos;
				SWIFT_ACTIVE_COMPILATION_CONDITIONS = DEBUG;
				SWIFT_OPTIMIZATION_LEVEL = "-Onone";
			};
			name = Debug;
		};
		58039C3C28E0A942002274BF /* Release */ = {
			isa = XCBuildConfiguration;
			buildSettings = {
				ALWAYS_SEARCH_USER_PATHS = NO;
				CLANG_ANALYZER_NONNULL = YES;
				CLANG_ANALYZER_NUMBER_OBJECT_CONVERSION = YES_AGGRESSIVE;
				CLANG_CXX_LANGUAGE_STANDARD = "gnu++17";
				CLANG_ENABLE_MODULES = YES;
				CLANG_ENABLE_OBJC_ARC = YES;
				CLANG_ENABLE_OBJC_WEAK = YES;
				CLANG_WARN_BLOCK_CAPTURE_AUTORELEASING = YES;
				CLANG_WARN_BOOL_CONVERSION = YES;
				CLANG_WARN_COMMA = YES;
				CLANG_WARN_CONSTANT_CONVERSION = YES;
				CLANG_WARN_DEPRECATED_OBJC_IMPLEMENTATIONS = YES;
				CLANG_WARN_DIRECT_OBJC_ISA_USAGE = YES_ERROR;
				CLANG_WARN_DOCUMENTATION_COMMENTS = YES;
				CLANG_WARN_EMPTY_BODY = YES;
				CLANG_WARN_ENUM_CONVERSION = YES;
				CLANG_WARN_INFINITE_RECURSION = YES;
				CLANG_WARN_INT_CONVERSION = YES;
				CLANG_WARN_NON_LITERAL_NULL_CONVERSION = YES;
				CLANG_WARN_OBJC_IMPLICIT_RETAIN_SELF = YES;
				CLANG_WARN_OBJC_LITERAL_CONVERSION = YES;
				CLANG_WARN_OBJC_ROOT_CLASS = YES_ERROR;
				CLANG_WARN_QUOTED_INCLUDE_IN_FRAMEWORK_HEADER = YES;
				CLANG_WARN_RANGE_LOOP_ANALYSIS = YES;
				CLANG_WARN_STRICT_PROTOTYPES = YES;
				CLANG_WARN_SUSPICIOUS_MOVE = YES;
				CLANG_WARN_UNGUARDED_AVAILABILITY = YES_AGGRESSIVE;
				CLANG_WARN_UNREACHABLE_CODE = YES;
				CLANG_WARN__DUPLICATE_METHOD_MATCH = YES;
				COPY_PHASE_STRIP = NO;
				DEBUG_INFORMATION_FORMAT = "dwarf-with-dsym";
				ENABLE_NS_ASSERTIONS = NO;
				ENABLE_STRICT_OBJC_MSGSEND = YES;
				GCC_C_LANGUAGE_STANDARD = gnu11;
				GCC_NO_COMMON_BLOCKS = YES;
				GCC_WARN_64_TO_32_BIT_CONVERSION = YES;
				GCC_WARN_ABOUT_RETURN_TYPE = YES_ERROR;
				GCC_WARN_UNDECLARED_SELECTOR = YES;
				GCC_WARN_UNINITIALIZED_AUTOS = YES_AGGRESSIVE;
				GCC_WARN_UNUSED_FUNCTION = YES;
				GCC_WARN_UNUSED_VARIABLE = YES;
				IPHONEOS_DEPLOYMENT_TARGET = 15.5;
				MTL_ENABLE_DEBUG_INFO = NO;
				MTL_FAST_MATH = YES;
				SDKROOT = iphoneos;
				SWIFT_COMPILATION_MODE = wholemodule;
				SWIFT_OPTIMIZATION_LEVEL = "-O";
				VALIDATE_PRODUCT = YES;
			};
			name = Release;
		};
		58039C3E28E0A942002274BF /* Debug */ = {
			isa = XCBuildConfiguration;
			buildSettings = {
				ASSETCATALOG_COMPILER_APPICON_NAME = AppIcon;
				ASSETCATALOG_COMPILER_GLOBAL_ACCENT_COLOR_NAME = AccentColor;
				CODE_SIGN_STYLE = Automatic;
				CURRENT_PROJECT_VERSION = 1;
				DEVELOPMENT_TEAM = XTYR9RSGCF;
				GENERATE_INFOPLIST_FILE = YES;
				INFOPLIST_FILE = SupriseApp/Info.plist;
				INFOPLIST_KEY_UIApplicationSupportsIndirectInputEvents = YES;
				INFOPLIST_KEY_UILaunchStoryboardName = LaunchScreen;
				INFOPLIST_KEY_UIMainStoryboardFile = Main;
				INFOPLIST_KEY_UISupportedInterfaceOrientations_iPad = "UIInterfaceOrientationPortrait UIInterfaceOrientationPortraitUpsideDown UIInterfaceOrientationLandscapeLeft UIInterfaceOrientationLandscapeRight";
				INFOPLIST_KEY_UISupportedInterfaceOrientations_iPhone = "UIInterfaceOrientationPortrait UIInterfaceOrientationLandscapeLeft UIInterfaceOrientationLandscapeRight";
				LD_RUNPATH_SEARCH_PATHS = (
					"$(inherited)",
					"@executable_path/Frameworks",
				);
				MARKETING_VERSION = 1.0;
				PRODUCT_BUNDLE_IDENTIFIER = com.meryemnurturgut.SupriseApp;
				PRODUCT_NAME = "$(TARGET_NAME)";
				SWIFT_EMIT_LOC_STRINGS = YES;
				SWIFT_VERSION = 5.0;
				TARGETED_DEVICE_FAMILY = "1,2";
			};
			name = Debug;
		};
		58039C3F28E0A942002274BF /* Release */ = {
			isa = XCBuildConfiguration;
			buildSettings = {
				ASSETCATALOG_COMPILER_APPICON_NAME = AppIcon;
				ASSETCATALOG_COMPILER_GLOBAL_ACCENT_COLOR_NAME = AccentColor;
				CODE_SIGN_STYLE = Automatic;
				CURRENT_PROJECT_VERSION = 1;
				DEVELOPMENT_TEAM = XTYR9RSGCF;
				GENERATE_INFOPLIST_FILE = YES;
				INFOPLIST_FILE = SupriseApp/Info.plist;
				INFOPLIST_KEY_UIApplicationSupportsIndirectInputEvents = YES;
				INFOPLIST_KEY_UILaunchStoryboardName = LaunchScreen;
				INFOPLIST_KEY_UIMainStoryboardFile = Main;
				INFOPLIST_KEY_UISupportedInterfaceOrientations_iPad = "UIInterfaceOrientationPortrait UIInterfaceOrientationPortraitUpsideDown UIInterfaceOrientationLandscapeLeft UIInterfaceOrientationLandscapeRight";
				INFOPLIST_KEY_UISupportedInterfaceOrientations_iPhone = "UIInterfaceOrientationPortrait UIInterfaceOrientationLandscapeLeft UIInterfaceOrientationLandscapeRight";
				LD_RUNPATH_SEARCH_PATHS = (
					"$(inherited)",
					"@executable_path/Frameworks",
				);
				MARKETING_VERSION = 1.0;
				PRODUCT_BUNDLE_IDENTIFIER = com.meryemnurturgut.SupriseApp;
				PRODUCT_NAME = "$(TARGET_NAME)";
				SWIFT_EMIT_LOC_STRINGS = YES;
				SWIFT_VERSION = 5.0;
				TARGETED_DEVICE_FAMILY = "1,2";
			};
			name = Release;
		};
		58039C4128E0A942002274BF /* Debug */ = {
			isa = XCBuildConfiguration;
			buildSettings = {
				ALWAYS_EMBED_SWIFT_STANDARD_LIBRARIES = YES;
				BUNDLE_LOADER = "$(TEST_HOST)";
				CODE_SIGN_STYLE = Automatic;
				CURRENT_PROJECT_VERSION = 1;
				DEVELOPMENT_TEAM = XTYR9RSGCF;
				GENERATE_INFOPLIST_FILE = YES;
				IPHONEOS_DEPLOYMENT_TARGET = 15.5;
				MARKETING_VERSION = 1.0;
				PRODUCT_BUNDLE_IDENTIFIER = com.meryemnurturgut.SupriseAppTests;
				PRODUCT_NAME = "$(TARGET_NAME)";
				SWIFT_EMIT_LOC_STRINGS = NO;
				SWIFT_VERSION = 5.0;
				TARGETED_DEVICE_FAMILY = "1,2";
				TEST_HOST = "$(BUILT_PRODUCTS_DIR)/SupriseApp.app/SupriseApp";
			};
			name = Debug;
		};
		58039C4228E0A942002274BF /* Release */ = {
			isa = XCBuildConfiguration;
			buildSettings = {
				ALWAYS_EMBED_SWIFT_STANDARD_LIBRARIES = YES;
				BUNDLE_LOADER = "$(TEST_HOST)";
				CODE_SIGN_STYLE = Automatic;
				CURRENT_PROJECT_VERSION = 1;
				DEVELOPMENT_TEAM = XTYR9RSGCF;
				GENERATE_INFOPLIST_FILE = YES;
				IPHONEOS_DEPLOYMENT_TARGET = 15.5;
				MARKETING_VERSION = 1.0;
				PRODUCT_BUNDLE_IDENTIFIER = com.meryemnurturgut.SupriseAppTests;
				PRODUCT_NAME = "$(TARGET_NAME)";
				SWIFT_EMIT_LOC_STRINGS = NO;
				SWIFT_VERSION = 5.0;
				TARGETED_DEVICE_FAMILY = "1,2";
				TEST_HOST = "$(BUILT_PRODUCTS_DIR)/SupriseApp.app/SupriseApp";
			};
			name = Release;
		};
		58039C4428E0A942002274BF /* Debug */ = {
			isa = XCBuildConfiguration;
			buildSettings = {
				ALWAYS_EMBED_SWIFT_STANDARD_LIBRARIES = YES;
				CODE_SIGN_STYLE = Automatic;
				CURRENT_PROJECT_VERSION = 1;
				DEVELOPMENT_TEAM = XTYR9RSGCF;
				GENERATE_INFOPLIST_FILE = YES;
				MARKETING_VERSION = 1.0;
				PRODUCT_BUNDLE_IDENTIFIER = com.meryemnurturgut.SupriseAppUITests;
				PRODUCT_NAME = "$(TARGET_NAME)";
				SWIFT_EMIT_LOC_STRINGS = NO;
				SWIFT_VERSION = 5.0;
				TARGETED_DEVICE_FAMILY = "1,2";
				TEST_TARGET_NAME = SupriseApp;
			};
			name = Debug;
		};
		58039C4528E0A942002274BF /* Release */ = {
			isa = XCBuildConfiguration;
			buildSettings = {
				ALWAYS_EMBED_SWIFT_STANDARD_LIBRARIES = YES;
				CODE_SIGN_STYLE = Automatic;
				CURRENT_PROJECT_VERSION = 1;
				DEVELOPMENT_TEAM = XTYR9RSGCF;
				GENERATE_INFOPLIST_FILE = YES;
				MARKETING_VERSION = 1.0;
				PRODUCT_BUNDLE_IDENTIFIER = com.meryemnurturgut.SupriseAppUITests;
				PRODUCT_NAME = "$(TARGET_NAME)";
				SWIFT_EMIT_LOC_STRINGS = NO;
				SWIFT_VERSION = 5.0;
				TARGETED_DEVICE_FAMILY = "1,2";
				TEST_TARGET_NAME = SupriseApp;
			};
			name = Release;
		};
/* End XCBuildConfiguration section */

/* Begin XCConfigurationList section */
		58039C0E28E0A941002274BF /* Build configuration list for PBXProject "SupriseApp" */ = {
			isa = XCConfigurationList;
			buildConfigurations = (
				58039C3B28E0A942002274BF /* Debug */,
				58039C3C28E0A942002274BF /* Release */,
			);
			defaultConfigurationIsVisible = 0;
			defaultConfigurationName = Release;
		};
		58039C3D28E0A942002274BF /* Build configuration list for PBXNativeTarget "SupriseApp" */ = {
			isa = XCConfigurationList;
			buildConfigurations = (
				58039C3E28E0A942002274BF /* Debug */,
				58039C3F28E0A942002274BF /* Release */,
			);
			defaultConfigurationIsVisible = 0;
			defaultConfigurationName = Release;
		};
		58039C4028E0A942002274BF /* Build configuration list for PBXNativeTarget "SupriseAppTests" */ = {
			isa = XCConfigurationList;
			buildConfigurations = (
				58039C4128E0A942002274BF /* Debug */,
				58039C4228E0A942002274BF /* Release */,
			);
			defaultConfigurationIsVisible = 0;
			defaultConfigurationName = Release;
		};
		58039C4328E0A942002274BF /* Build configuration list for PBXNativeTarget "SupriseAppUITests" */ = {
			isa = XCConfigurationList;
			buildConfigurations = (
				58039C4428E0A942002274BF /* Debug */,
				58039C4528E0A942002274BF /* Release */,
			);
			defaultConfigurationIsVisible = 0;
			defaultConfigurationName = Release;
		};
/* End XCConfigurationList section */
	};
	rootObject = 58039C0B28E0A941002274BF /* Project object */;
}
